// !$*UTF8*$!
{
	archiveVersion = 1;
	classes = {
	};
	objectVersion = 46;
	objects = {

/* Begin PBXBuildFile section */
		3A7C9AA1DD7CB02260C0C674 /* Pods_WashUFleaMarket.framework in Frameworks */ = {isa = PBXBuildFile; fileRef = 491F3A22A43FAB9A17E79738 /* Pods_WashUFleaMarket.framework */; };
		4EDB64661E6CDD650000D7F3 /* AppDelegate.swift in Sources */ = {isa = PBXBuildFile; fileRef = 4EDB64651E6CDD650000D7F3 /* AppDelegate.swift */; };
		4EDB64681E6CDD650000D7F3 /* ViewController.swift in Sources */ = {isa = PBXBuildFile; fileRef = 4EDB64671E6CDD650000D7F3 /* ViewController.swift */; };
		4EDB646D1E6CDD650000D7F3 /* Assets.xcassets in Resources */ = {isa = PBXBuildFile; fileRef = 4EDB646C1E6CDD650000D7F3 /* Assets.xcassets */; };
		4EDB64701E6CDD650000D7F3 /* LaunchScreen.storyboard in Resources */ = {isa = PBXBuildFile; fileRef = 4EDB646E1E6CDD650000D7F3 /* LaunchScreen.storyboard */; };
		4EDB647B1E6CDD650000D7F3 /* WashUFleaMarketTests.swift in Sources */ = {isa = PBXBuildFile; fileRef = 4EDB647A1E6CDD650000D7F3 /* WashUFleaMarketTests.swift */; };
		4EDB64861E6CDD650000D7F3 /* WashUFleaMarketUITests.swift in Sources */ = {isa = PBXBuildFile; fileRef = 4EDB64851E6CDD650000D7F3 /* WashUFleaMarketUITests.swift */; };
		4EDB64941E6CDD890000D7F3 /* Main.storyboard in Resources */ = {isa = PBXBuildFile; fileRef = 4EDB64931E6CDD890000D7F3 /* Main.storyboard */; };
		4EDB64961E6CDE860000D7F3 /* MarketViewController.swift in Sources */ = {isa = PBXBuildFile; fileRef = 4EDB64951E6CDE860000D7F3 /* MarketViewController.swift */; };
		4EDB649A1E6CDF180000D7F3 /* Item.swift in Sources */ = {isa = PBXBuildFile; fileRef = 4EDB64991E6CDF180000D7F3 /* Item.swift */; };
		4EDB649C1E6CDF760000D7F3 /* FavoriteController.swift in Sources */ = {isa = PBXBuildFile; fileRef = 4EDB649B1E6CDF760000D7F3 /* FavoriteController.swift */; };
		4EDB649E1E6CDFFA0000D7F3 /* MyCell.swift in Sources */ = {isa = PBXBuildFile; fileRef = 4EDB649D1E6CDFFA0000D7F3 /* MyCell.swift */; };
		4EDB64A01E6CE01C0000D7F3 /* SwiftyJSON.swift in Sources */ = {isa = PBXBuildFile; fileRef = 4EDB649F1E6CE01C0000D7F3 /* SwiftyJSON.swift */; };
		4EDB64A21E6CE07E0000D7F3 /* Detailed.swift in Sources */ = {isa = PBXBuildFile; fileRef = 4EDB64A11E6CE07E0000D7F3 /* Detailed.swift */; };
		4EDB64A41E6CE0A80000D7F3 /* Detailed.xib in Resources */ = {isa = PBXBuildFile; fileRef = 4EDB64A31E6CE0A80000D7F3 /* Detailed.xib */; };
		7AC7A61CD369CC435DF5725F /* Pods_WashUFleaMarketUITests.framework in Frameworks */ = {isa = PBXBuildFile; fileRef = 96ACA85B86A7A1D36E1303C6 /* Pods_WashUFleaMarketUITests.framework */; };
		B993B96873137CAF9BB41BB7 /* Pods_WashUFleaMarketTests.framework in Frameworks */ = {isa = PBXBuildFile; fileRef = B5469044A579C570F13DAAB6 /* Pods_WashUFleaMarketTests.framework */; };
		E8DB2E9E1E6CE97400744919 /* GoogleService-Info.plist in Resources */ = {isa = PBXBuildFile; fileRef = E8DB2E9D1E6CE97400744919 /* GoogleService-Info.plist */; };
		E8DB2EA11E6CEBC000744919 /* 1476404080_38.png in Resources */ = {isa = PBXBuildFile; fileRef = E8DB2E9F1E6CEBC000744919 /* 1476404080_38.png */; };
		E8DB2EA21E6CEBC000744919 /* imovie-ios-icon.png in Resources */ = {isa = PBXBuildFile; fileRef = E8DB2EA01E6CEBC000744919 /* imovie-ios-icon.png */; };
		E8DB2EA41E6D022700744919 /* Shopping Cart Loaded-50.png in Resources */ = {isa = PBXBuildFile; fileRef = E8DB2EA31E6D022700744919 /* Shopping Cart Loaded-50.png */; };
		E8F07B171E8B00480090C3B6 /* Settings-50.png in Resources */ = {isa = PBXBuildFile; fileRef = E8F07B161E8B00480090C3B6 /* Settings-50.png */; };
		E8F07B191E8B00F00090C3B6 /* 1490751411_Setting.png in Resources */ = {isa = PBXBuildFile; fileRef = E8F07B181E8B00F00090C3B6 /* 1490751411_Setting.png */; };
		E8F07B1B1E8B013A0090C3B6 /* 1490751482_Setting.png in Resources */ = {isa = PBXBuildFile; fileRef = E8F07B1A1E8B013A0090C3B6 /* 1490751482_Setting.png */; };
		E8F07B1D1E8B01A20090C3B6 /* 1490751591_Cart.png in Resources */ = {isa = PBXBuildFile; fileRef = E8F07B1C1E8B01A20090C3B6 /* 1490751591_Cart.png */; };
		E8F07B1F1E8B02DB0090C3B6 /* SettingViewController.swift in Sources */ = {isa = PBXBuildFile; fileRef = E8F07B1E1E8B02DB0090C3B6 /* SettingViewController.swift */; };
		E8F07B211E8B0C300090C3B6 /* login.jpg in Resources */ = {isa = PBXBuildFile; fileRef = E8F07B201E8B0C300090C3B6 /* login.jpg */; };
		F6E244D11E89924800FB864D /* LoginViewController.swift in Sources */ = {isa = PBXBuildFile; fileRef = F6E244D01E89924800FB864D /* LoginViewController.swift */; };
/* End PBXBuildFile section */

/* Begin PBXContainerItemProxy section */
		4EDB64771E6CDD650000D7F3 /* PBXContainerItemProxy */ = {
			isa = PBXContainerItemProxy;
			containerPortal = 4EDB645A1E6CDD650000D7F3 /* Project object */;
			proxyType = 1;
			remoteGlobalIDString = 4EDB64611E6CDD650000D7F3;
			remoteInfo = WashUFleaMarket;
		};
		4EDB64821E6CDD650000D7F3 /* PBXContainerItemProxy */ = {
			isa = PBXContainerItemProxy;
			containerPortal = 4EDB645A1E6CDD650000D7F3 /* Project object */;
			proxyType = 1;
			remoteGlobalIDString = 4EDB64611E6CDD650000D7F3;
			remoteInfo = WashUFleaMarket;
		};
/* End PBXContainerItemProxy section */

/* Begin PBXFileReference section */
		0538B883A72EC43E9E21DDE2 /* Pods-WashUFleaMarketTests.debug.xcconfig */ = {isa = PBXFileReference; includeInIndex = 1; lastKnownFileType = text.xcconfig; name = "Pods-WashUFleaMarketTests.debug.xcconfig"; path = "Pods/Target Support Files/Pods-WashUFleaMarketTests/Pods-WashUFleaMarketTests.debug.xcconfig"; sourceTree = "<group>"; };
		063AE31635AB2E404C17A7B3 /* Pods-WashUFleaMarketUITests.debug.xcconfig */ = {isa = PBXFileReference; includeInIndex = 1; lastKnownFileType = text.xcconfig; name = "Pods-WashUFleaMarketUITests.debug.xcconfig"; path = "Pods/Target Support Files/Pods-WashUFleaMarketUITests/Pods-WashUFleaMarketUITests.debug.xcconfig"; sourceTree = "<group>"; };
		10BE70CB8D8F4231A31B7315 /* Pods-WashUFleaMarketTests.release.xcconfig */ = {isa = PBXFileReference; includeInIndex = 1; lastKnownFileType = text.xcconfig; name = "Pods-WashUFleaMarketTests.release.xcconfig"; path = "Pods/Target Support Files/Pods-WashUFleaMarketTests/Pods-WashUFleaMarketTests.release.xcconfig"; sourceTree = "<group>"; };
		21D9D8BBCAEC521213E15727 /* Pods-WashUFleaMarket.release.xcconfig */ = {isa = PBXFileReference; includeInIndex = 1; lastKnownFileType = text.xcconfig; name = "Pods-WashUFleaMarket.release.xcconfig"; path = "Pods/Target Support Files/Pods-WashUFleaMarket/Pods-WashUFleaMarket.release.xcconfig"; sourceTree = "<group>"; };
		491F3A22A43FAB9A17E79738 /* Pods_WashUFleaMarket.framework */ = {isa = PBXFileReference; explicitFileType = wrapper.framework; includeInIndex = 0; path = Pods_WashUFleaMarket.framework; sourceTree = BUILT_PRODUCTS_DIR; };
		4EDB64621E6CDD650000D7F3 /* WashUFleaMarket.app */ = {isa = PBXFileReference; explicitFileType = wrapper.application; includeInIndex = 0; path = WashUFleaMarket.app; sourceTree = BUILT_PRODUCTS_DIR; };
		4EDB64651E6CDD650000D7F3 /* AppDelegate.swift */ = {isa = PBXFileReference; lastKnownFileType = sourcecode.swift; path = AppDelegate.swift; sourceTree = "<group>"; };
		4EDB64671E6CDD650000D7F3 /* ViewController.swift */ = {isa = PBXFileReference; lastKnownFileType = sourcecode.swift; path = ViewController.swift; sourceTree = "<group>"; };
		4EDB646C1E6CDD650000D7F3 /* Assets.xcassets */ = {isa = PBXFileReference; lastKnownFileType = folder.assetcatalog; path = Assets.xcassets; sourceTree = "<group>"; };
		4EDB646F1E6CDD650000D7F3 /* Base */ = {isa = PBXFileReference; lastKnownFileType = file.storyboard; name = Base; path = Base.lproj/LaunchScreen.storyboard; sourceTree = "<group>"; };
		4EDB64711E6CDD650000D7F3 /* Info.plist */ = {isa = PBXFileReference; lastKnownFileType = text.plist.xml; path = Info.plist; sourceTree = "<group>"; };
		4EDB64761E6CDD650000D7F3 /* WashUFleaMarketTests.xctest */ = {isa = PBXFileReference; explicitFileType = wrapper.cfbundle; includeInIndex = 0; path = WashUFleaMarketTests.xctest; sourceTree = BUILT_PRODUCTS_DIR; };
		4EDB647A1E6CDD650000D7F3 /* WashUFleaMarketTests.swift */ = {isa = PBXFileReference; lastKnownFileType = sourcecode.swift; path = WashUFleaMarketTests.swift; sourceTree = "<group>"; };
		4EDB647C1E6CDD650000D7F3 /* Info.plist */ = {isa = PBXFileReference; lastKnownFileType = text.plist.xml; path = Info.plist; sourceTree = "<group>"; };
		4EDB64811E6CDD650000D7F3 /* WashUFleaMarketUITests.xctest */ = {isa = PBXFileReference; explicitFileType = wrapper.cfbundle; includeInIndex = 0; path = WashUFleaMarketUITests.xctest; sourceTree = BUILT_PRODUCTS_DIR; };
		4EDB64851E6CDD650000D7F3 /* WashUFleaMarketUITests.swift */ = {isa = PBXFileReference; lastKnownFileType = sourcecode.swift; path = WashUFleaMarketUITests.swift; sourceTree = "<group>"; };
		4EDB64871E6CDD650000D7F3 /* Info.plist */ = {isa = PBXFileReference; lastKnownFileType = text.plist.xml; path = Info.plist; sourceTree = "<group>"; };
		4EDB64931E6CDD890000D7F3 /* Main.storyboard */ = {isa = PBXFileReference; fileEncoding = 4; lastKnownFileType = file.storyboard; path = Main.storyboard; sourceTree = "<group>"; };
		4EDB64951E6CDE860000D7F3 /* MarketViewController.swift */ = {isa = PBXFileReference; fileEncoding = 4; lastKnownFileType = sourcecode.swift; path = MarketViewController.swift; sourceTree = "<group>"; };
		4EDB64991E6CDF180000D7F3 /* Item.swift */ = {isa = PBXFileReference; fileEncoding = 4; lastKnownFileType = sourcecode.swift; path = Item.swift; sourceTree = "<group>"; };
		4EDB649B1E6CDF760000D7F3 /* FavoriteController.swift */ = {isa = PBXFileReference; fileEncoding = 4; lastKnownFileType = sourcecode.swift; path = FavoriteController.swift; sourceTree = "<group>"; };
		4EDB649D1E6CDFFA0000D7F3 /* MyCell.swift */ = {isa = PBXFileReference; fileEncoding = 4; lastKnownFileType = sourcecode.swift; path = MyCell.swift; sourceTree = "<group>"; };
		4EDB649F1E6CE01C0000D7F3 /* SwiftyJSON.swift */ = {isa = PBXFileReference; fileEncoding = 4; lastKnownFileType = sourcecode.swift; path = SwiftyJSON.swift; sourceTree = "<group>"; };
		4EDB64A11E6CE07E0000D7F3 /* Detailed.swift */ = {isa = PBXFileReference; fileEncoding = 4; lastKnownFileType = sourcecode.swift; path = Detailed.swift; sourceTree = "<group>"; };
		4EDB64A31E6CE0A80000D7F3 /* Detailed.xib */ = {isa = PBXFileReference; fileEncoding = 4; lastKnownFileType = file.xib; path = Detailed.xib; sourceTree = "<group>"; };
		79AD79AC221A8D6647ADAC4E /* Pods-WashUFleaMarket.debug.xcconfig */ = {isa = PBXFileReference; includeInIndex = 1; lastKnownFileType = text.xcconfig; name = "Pods-WashUFleaMarket.debug.xcconfig"; path = "Pods/Target Support Files/Pods-WashUFleaMarket/Pods-WashUFleaMarket.debug.xcconfig"; sourceTree = "<group>"; };
		93A310F7511445BAF2238572 /* Pods-WashUFleaMarketUITests.release.xcconfig */ = {isa = PBXFileReference; includeInIndex = 1; lastKnownFileType = text.xcconfig; name = "Pods-WashUFleaMarketUITests.release.xcconfig"; path = "Pods/Target Support Files/Pods-WashUFleaMarketUITests/Pods-WashUFleaMarketUITests.release.xcconfig"; sourceTree = "<group>"; };
		96ACA85B86A7A1D36E1303C6 /* Pods_WashUFleaMarketUITests.framework */ = {isa = PBXFileReference; explicitFileType = wrapper.framework; includeInIndex = 0; path = Pods_WashUFleaMarketUITests.framework; sourceTree = BUILT_PRODUCTS_DIR; };
		B5469044A579C570F13DAAB6 /* Pods_WashUFleaMarketTests.framework */ = {isa = PBXFileReference; explicitFileType = wrapper.framework; includeInIndex = 0; path = Pods_WashUFleaMarketTests.framework; sourceTree = BUILT_PRODUCTS_DIR; };
		E8DB2E9D1E6CE97400744919 /* GoogleService-Info.plist */ = {isa = PBXFileReference; fileEncoding = 4; lastKnownFileType = text.plist.xml; path = "GoogleService-Info.plist"; sourceTree = "<group>"; };
		E8DB2E9F1E6CEBC000744919 /* 1476404080_38.png */ = {isa = PBXFileReference; lastKnownFileType = image.png; path = 1476404080_38.png; sourceTree = "<group>"; };
		E8DB2EA01E6CEBC000744919 /* imovie-ios-icon.png */ = {isa = PBXFileReference; lastKnownFileType = image.png; path = "imovie-ios-icon.png"; sourceTree = "<group>"; };
		E8DB2EA31E6D022700744919 /* Shopping Cart Loaded-50.png */ = {isa = PBXFileReference; lastKnownFileType = image.png; path = "Shopping Cart Loaded-50.png"; sourceTree = "<group>"; };
		E8F07B161E8B00480090C3B6 /* Settings-50.png */ = {isa = PBXFileReference; lastKnownFileType = image.png; path = "Settings-50.png"; sourceTree = "<group>"; };
		E8F07B181E8B00F00090C3B6 /* 1490751411_Setting.png */ = {isa = PBXFileReference; lastKnownFileType = image.png; path = 1490751411_Setting.png; sourceTree = "<group>"; };
		E8F07B1A1E8B013A0090C3B6 /* 1490751482_Setting.png */ = {isa = PBXFileReference; lastKnownFileType = image.png; path = 1490751482_Setting.png; sourceTree = "<group>"; };
		E8F07B1C1E8B01A20090C3B6 /* 1490751591_Cart.png */ = {isa = PBXFileReference; lastKnownFileType = image.png; path = 1490751591_Cart.png; sourceTree = "<group>"; };
		E8F07B1E1E8B02DB0090C3B6 /* SettingViewController.swift */ = {isa = PBXFileReference; fileEncoding = 4; lastKnownFileType = sourcecode.swift; path = SettingViewController.swift; sourceTree = "<group>"; };
		E8F07B201E8B0C300090C3B6 /* login.jpg */ = {isa = PBXFileReference; lastKnownFileType = image.jpeg; path = login.jpg; sourceTree = "<group>"; };
		F6E244D01E89924800FB864D /* LoginViewController.swift */ = {isa = PBXFileReference; fileEncoding = 4; lastKnownFileType = sourcecode.swift; path = LoginViewController.swift; sourceTree = "<group>"; };
/* End PBXFileReference section */

/* Begin PBXFrameworksBuildPhase section */
		4EDB645F1E6CDD650000D7F3 /* Frameworks */ = {
			isa = PBXFrameworksBuildPhase;
			buildActionMask = 2147483647;
			files = (
				3A7C9AA1DD7CB02260C0C674 /* Pods_WashUFleaMarket.framework in Frameworks */,
			);
			runOnlyForDeploymentPostprocessing = 0;
		};
		4EDB64731E6CDD650000D7F3 /* Frameworks */ = {
			isa = PBXFrameworksBuildPhase;
			buildActionMask = 2147483647;
			files = (
				B993B96873137CAF9BB41BB7 /* Pods_WashUFleaMarketTests.framework in Frameworks */,
			);
			runOnlyForDeploymentPostprocessing = 0;
		};
		4EDB647E1E6CDD650000D7F3 /* Frameworks */ = {
			isa = PBXFrameworksBuildPhase;
			buildActionMask = 2147483647;
			files = (
				7AC7A61CD369CC435DF5725F /* Pods_WashUFleaMarketUITests.framework in Frameworks */,
			);
			runOnlyForDeploymentPostprocessing = 0;
		};
/* End PBXFrameworksBuildPhase section */

/* Begin PBXGroup section */
		4EDB64591E6CDD650000D7F3 = {
			isa = PBXGroup;
			children = (
				4EDB64641E6CDD650000D7F3 /* WashUFleaMarket */,
				4EDB64791E6CDD650000D7F3 /* WashUFleaMarketTests */,
				4EDB64841E6CDD650000D7F3 /* WashUFleaMarketUITests */,
				4EDB64631E6CDD650000D7F3 /* Products */,
				67A9602F2266BFF602B9A2D3 /* Pods */,
				8A9226AEB1B8CB1F2D2D62E8 /* Frameworks */,
			);
			sourceTree = "<group>";
		};
		4EDB64631E6CDD650000D7F3 /* Products */ = {
			isa = PBXGroup;
			children = (
				4EDB64621E6CDD650000D7F3 /* WashUFleaMarket.app */,
				4EDB64761E6CDD650000D7F3 /* WashUFleaMarketTests.xctest */,
				4EDB64811E6CDD650000D7F3 /* WashUFleaMarketUITests.xctest */,
			);
			name = Products;
			sourceTree = "<group>";
		};
		4EDB64641E6CDD650000D7F3 /* WashUFleaMarket */ = {
			isa = PBXGroup;
			children = (
				E8DB2E9F1E6CEBC000744919 /* 1476404080_38.png */,
				E8F07B161E8B00480090C3B6 /* Settings-50.png */,
				E8F07B181E8B00F00090C3B6 /* 1490751411_Setting.png */,
				E8F07B1A1E8B013A0090C3B6 /* 1490751482_Setting.png */,
				E8F07B201E8B0C300090C3B6 /* login.jpg */,
				E8DB2EA31E6D022700744919 /* Shopping Cart Loaded-50.png */,
				E8DB2EA01E6CEBC000744919 /* imovie-ios-icon.png */,
				E8F07B1C1E8B01A20090C3B6 /* 1490751591_Cart.png */,
				4EDB64651E6CDD650000D7F3 /* AppDelegate.swift */,
				4EDB64671E6CDD650000D7F3 /* ViewController.swift */,
				4EDB64931E6CDD890000D7F3 /* Main.storyboard */,
				4EDB646C1E6CDD650000D7F3 /* Assets.xcassets */,
				4EDB646E1E6CDD650000D7F3 /* LaunchScreen.storyboard */,
				4EDB64711E6CDD650000D7F3 /* Info.plist */,
				4EDB64951E6CDE860000D7F3 /* MarketViewController.swift */,
				4EDB64991E6CDF180000D7F3 /* Item.swift */,
				E8DB2E9D1E6CE97400744919 /* GoogleService-Info.plist */,
				4EDB649B1E6CDF760000D7F3 /* FavoriteController.swift */,
				4EDB649D1E6CDFFA0000D7F3 /* MyCell.swift */,
				4EDB649F1E6CE01C0000D7F3 /* SwiftyJSON.swift */,
				4EDB64A11E6CE07E0000D7F3 /* Detailed.swift */,
				4EDB64A31E6CE0A80000D7F3 /* Detailed.xib */,
				F6E244D01E89924800FB864D /* LoginViewController.swift */,
				E8F07B1E1E8B02DB0090C3B6 /* SettingViewController.swift */,
			);
			path = WashUFleaMarket;
			sourceTree = "<group>";
		};
		4EDB64791E6CDD650000D7F3 /* WashUFleaMarketTests */ = {
			isa = PBXGroup;
			children = (
				4EDB647A1E6CDD650000D7F3 /* WashUFleaMarketTests.swift */,
				4EDB647C1E6CDD650000D7F3 /* Info.plist */,
			);
			path = WashUFleaMarketTests;
			sourceTree = "<group>";
		};
		4EDB64841E6CDD650000D7F3 /* WashUFleaMarketUITests */ = {
			isa = PBXGroup;
			children = (
				4EDB64851E6CDD650000D7F3 /* WashUFleaMarketUITests.swift */,
				4EDB64871E6CDD650000D7F3 /* Info.plist */,
			);
			path = WashUFleaMarketUITests;
			sourceTree = "<group>";
		};
		67A9602F2266BFF602B9A2D3 /* Pods */ = {
			isa = PBXGroup;
			children = (
				79AD79AC221A8D6647ADAC4E /* Pods-WashUFleaMarket.debug.xcconfig */,
				21D9D8BBCAEC521213E15727 /* Pods-WashUFleaMarket.release.xcconfig */,
				0538B883A72EC43E9E21DDE2 /* Pods-WashUFleaMarketTests.debug.xcconfig */,
				10BE70CB8D8F4231A31B7315 /* Pods-WashUFleaMarketTests.release.xcconfig */,
				063AE31635AB2E404C17A7B3 /* Pods-WashUFleaMarketUITests.debug.xcconfig */,
				93A310F7511445BAF2238572 /* Pods-WashUFleaMarketUITests.release.xcconfig */,
			);
			name = Pods;
			sourceTree = "<group>";
		};
		8A9226AEB1B8CB1F2D2D62E8 /* Frameworks */ = {
			isa = PBXGroup;
			children = (
				491F3A22A43FAB9A17E79738 /* Pods_WashUFleaMarket.framework */,
				B5469044A579C570F13DAAB6 /* Pods_WashUFleaMarketTests.framework */,
				96ACA85B86A7A1D36E1303C6 /* Pods_WashUFleaMarketUITests.framework */,
			);
			name = Frameworks;
			sourceTree = "<group>";
		};
/* End PBXGroup section */

/* Begin PBXNativeTarget section */
		4EDB64611E6CDD650000D7F3 /* WashUFleaMarket */ = {
			isa = PBXNativeTarget;
			buildConfigurationList = 4EDB648A1E6CDD650000D7F3 /* Build configuration list for PBXNativeTarget "WashUFleaMarket" */;
			buildPhases = (
				CABFA0DD46799494F9168572 /* [CP] Check Pods Manifest.lock */,
				4EDB645E1E6CDD650000D7F3 /* Sources */,
				4EDB645F1E6CDD650000D7F3 /* Frameworks */,
				4EDB64601E6CDD650000D7F3 /* Resources */,
				EE8D50D839992E5C9650A899 /* [CP] Embed Pods Frameworks */,
				7B1D59CFD43A9A51CB9B3413 /* [CP] Copy Pods Resources */,
			);
			buildRules = (
			);
			dependencies = (
			);
			name = WashUFleaMarket;
			productName = WashUFleaMarket;
			productReference = 4EDB64621E6CDD650000D7F3 /* WashUFleaMarket.app */;
			productType = "com.apple.product-type.application";
		};
		4EDB64751E6CDD650000D7F3 /* WashUFleaMarketTests */ = {
			isa = PBXNativeTarget;
			buildConfigurationList = 4EDB648D1E6CDD650000D7F3 /* Build configuration list for PBXNativeTarget "WashUFleaMarketTests" */;
			buildPhases = (
				812021F83F9C49CE0517261A /* [CP] Check Pods Manifest.lock */,
				4EDB64721E6CDD650000D7F3 /* Sources */,
				4EDB64731E6CDD650000D7F3 /* Frameworks */,
				4EDB64741E6CDD650000D7F3 /* Resources */,
				46EA1A2B6EDB16C8A93AC623 /* [CP] Embed Pods Frameworks */,
				DD8746A3A670B7CF697EE94D /* [CP] Copy Pods Resources */,
			);
			buildRules = (
			);
			dependencies = (
				4EDB64781E6CDD650000D7F3 /* PBXTargetDependency */,
			);
			name = WashUFleaMarketTests;
			productName = WashUFleaMarketTests;
			productReference = 4EDB64761E6CDD650000D7F3 /* WashUFleaMarketTests.xctest */;
			productType = "com.apple.product-type.bundle.unit-test";
		};
		4EDB64801E6CDD650000D7F3 /* WashUFleaMarketUITests */ = {
			isa = PBXNativeTarget;
			buildConfigurationList = 4EDB64901E6CDD650000D7F3 /* Build configuration list for PBXNativeTarget "WashUFleaMarketUITests" */;
			buildPhases = (
				729B4BA29E5F70157337C3D9 /* [CP] Check Pods Manifest.lock */,
				4EDB647D1E6CDD650000D7F3 /* Sources */,
				4EDB647E1E6CDD650000D7F3 /* Frameworks */,
				4EDB647F1E6CDD650000D7F3 /* Resources */,
				98CF8F73CEA51CCF740F17E9 /* [CP] Embed Pods Frameworks */,
				9E7FB31AC83FD82FD7671EB2 /* [CP] Copy Pods Resources */,
			);
			buildRules = (
			);
			dependencies = (
				4EDB64831E6CDD650000D7F3 /* PBXTargetDependency */,
			);
			name = WashUFleaMarketUITests;
			productName = WashUFleaMarketUITests;
			productReference = 4EDB64811E6CDD650000D7F3 /* WashUFleaMarketUITests.xctest */;
			productType = "com.apple.product-type.bundle.ui-testing";
		};
/* End PBXNativeTarget section */

/* Begin PBXProject section */
		4EDB645A1E6CDD650000D7F3 /* Project object */ = {
			isa = PBXProject;
			attributes = {
				LastSwiftUpdateCheck = 0820;
				LastUpgradeCheck = 0820;
				ORGANIZATIONNAME = "You Chen";
				TargetAttributes = {
					4EDB64611E6CDD650000D7F3 = {
						CreatedOnToolsVersion = 8.2.1;
						ProvisioningStyle = Automatic;
					};
					4EDB64751E6CDD650000D7F3 = {
						CreatedOnToolsVersion = 8.2.1;
						ProvisioningStyle = Automatic;
						TestTargetID = 4EDB64611E6CDD650000D7F3;
					};
					4EDB64801E6CDD650000D7F3 = {
						CreatedOnToolsVersion = 8.2.1;
						ProvisioningStyle = Automatic;
						TestTargetID = 4EDB64611E6CDD650000D7F3;
					};
				};
			};
			buildConfigurationList = 4EDB645D1E6CDD650000D7F3 /* Build configuration list for PBXProject "WashUFleaMarket" */;
			compatibilityVersion = "Xcode 3.2";
			developmentRegion = English;
			hasScannedForEncodings = 0;
			knownRegions = (
				en,
				Base,
			);
			mainGroup = 4EDB64591E6CDD650000D7F3;
			productRefGroup = 4EDB64631E6CDD650000D7F3 /* Products */;
			projectDirPath = "";
			projectRoot = "";
			targets = (
				4EDB64611E6CDD650000D7F3 /* WashUFleaMarket */,
				4EDB64751E6CDD650000D7F3 /* WashUFleaMarketTests */,
				4EDB64801E6CDD650000D7F3 /* WashUFleaMarketUITests */,
			);
		};
/* End PBXProject section */

/* Begin PBXResourcesBuildPhase section */
		4EDB64601E6CDD650000D7F3 /* Resources */ = {
			isa = PBXResourcesBuildPhase;
			buildActionMask = 2147483647;
			files = (
				E8F07B1B1E8B013A0090C3B6 /* 1490751482_Setting.png in Resources */,
				E8F07B211E8B0C300090C3B6 /* login.jpg in Resources */,
				4EDB64701E6CDD650000D7F3 /* LaunchScreen.storyboard in Resources */,
				E8DB2EA21E6CEBC000744919 /* imovie-ios-icon.png in Resources */,
				4EDB64A41E6CE0A80000D7F3 /* Detailed.xib in Resources */,
				E8DB2EA41E6D022700744919 /* Shopping Cart Loaded-50.png in Resources */,
				E8F07B1D1E8B01A20090C3B6 /* 1490751591_Cart.png in Resources */,
				E8DB2EA11E6CEBC000744919 /* 1476404080_38.png in Resources */,
				4EDB646D1E6CDD650000D7F3 /* Assets.xcassets in Resources */,
				4EDB64941E6CDD890000D7F3 /* Main.storyboard in Resources */,
				E8F07B191E8B00F00090C3B6 /* 1490751411_Setting.png in Resources */,
				E8F07B171E8B00480090C3B6 /* Settings-50.png in Resources */,
				E8DB2E9E1E6CE97400744919 /* GoogleService-Info.plist in Resources */,
			);
			runOnlyForDeploymentPostprocessing = 0;
		};
		4EDB64741E6CDD650000D7F3 /* Resources */ = {
			isa = PBXResourcesBuildPhase;
			buildActionMask = 2147483647;
			files = (
			);
			runOnlyForDeploymentPostprocessing = 0;
		};
		4EDB647F1E6CDD650000D7F3 /* Resources */ = {
			isa = PBXResourcesBuildPhase;
			buildActionMask = 2147483647;
			files = (
			);
			runOnlyForDeploymentPostprocessing = 0;
		};
/* End PBXResourcesBuildPhase section */

/* Begin PBXShellScriptBuildPhase section */
		46EA1A2B6EDB16C8A93AC623 /* [CP] Embed Pods Frameworks */ = {
			isa = PBXShellScriptBuildPhase;
			buildActionMask = 2147483647;
			files = (
			);
			inputPaths = (
			);
			name = "[CP] Embed Pods Frameworks";
			outputPaths = (
			);
			runOnlyForDeploymentPostprocessing = 0;
			shellPath = /bin/sh;
			shellScript = "\"${SRCROOT}/Pods/Target Support Files/Pods-WashUFleaMarketTests/Pods-WashUFleaMarketTests-frameworks.sh\"\n";
			showEnvVarsInLog = 0;
		};
		729B4BA29E5F70157337C3D9 /* [CP] Check Pods Manifest.lock */ = {
			isa = PBXShellScriptBuildPhase;
			buildActionMask = 2147483647;
			files = (
			);
			inputPaths = (
			);
			name = "[CP] Check Pods Manifest.lock";
			outputPaths = (
			);
			runOnlyForDeploymentPostprocessing = 0;
			shellPath = /bin/sh;
			shellScript = "diff \"${PODS_ROOT}/../Podfile.lock\" \"${PODS_ROOT}/Manifest.lock\" > /dev/null\nif [ $? != 0 ] ; then\n    # print error to STDERR\n    echo \"error: The sandbox is not in sync with the Podfile.lock. Run 'pod install' or update your CocoaPods installation.\" >&2\n    exit 1\nfi\n";
			showEnvVarsInLog = 0;
		};
		7B1D59CFD43A9A51CB9B3413 /* [CP] Copy Pods Resources */ = {
			isa = PBXShellScriptBuildPhase;
			buildActionMask = 2147483647;
			files = (
			);
			inputPaths = (
			);
			name = "[CP] Copy Pods Resources";
			outputPaths = (
			);
			runOnlyForDeploymentPostprocessing = 0;
			shellPath = /bin/sh;
			shellScript = "\"${SRCROOT}/Pods/Target Support Files/Pods-WashUFleaMarket/Pods-WashUFleaMarket-resources.sh\"\n";
			showEnvVarsInLog = 0;
		};
		812021F83F9C49CE0517261A /* [CP] Check Pods Manifest.lock */ = {
			isa = PBXShellScriptBuildPhase;
			buildActionMask = 2147483647;
			files = (
			);
			inputPaths = (
			);
			name = "[CP] Check Pods Manifest.lock";
			outputPaths = (
			);
			runOnlyForDeploymentPostprocessing = 0;
			shellPath = /bin/sh;
			shellScript = "diff \"${PODS_ROOT}/../Podfile.lock\" \"${PODS_ROOT}/Manifest.lock\" > /dev/null\nif [ $? != 0 ] ; then\n    # print error to STDERR\n    echo \"error: The sandbox is not in sync with the Podfile.lock. Run 'pod install' or update your CocoaPods installation.\" >&2\n    exit 1\nfi\n";
			showEnvVarsInLog = 0;
		};
		98CF8F73CEA51CCF740F17E9 /* [CP] Embed Pods Frameworks */ = {
			isa = PBXShellScriptBuildPhase;
			buildActionMask = 2147483647;
			files = (
			);
			inputPaths = (
			);
			name = "[CP] Embed Pods Frameworks";
			outputPaths = (
			);
			runOnlyForDeploymentPostprocessing = 0;
			shellPath = /bin/sh;
			shellScript = "\"${SRCROOT}/Pods/Target Support Files/Pods-WashUFleaMarketUITests/Pods-WashUFleaMarketUITests-frameworks.sh\"\n";
			showEnvVarsInLog = 0;
		};
		9E7FB31AC83FD82FD7671EB2 /* [CP] Copy Pods Resources */ = {
			isa = PBXShellScriptBuildPhase;
			buildActionMask = 2147483647;
			files = (
			);
			inputPaths = (
			);
			name = "[CP] Copy Pods Resources";
			outputPaths = (
			);
			runOnlyForDeploymentPostprocessing = 0;
			shellPath = /bin/sh;
			shellScript = "\"${SRCROOT}/Pods/Target Support Files/Pods-WashUFleaMarketUITests/Pods-WashUFleaMarketUITests-resources.sh\"\n";
			showEnvVarsInLog = 0;
		};
		CABFA0DD46799494F9168572 /* [CP] Check Pods Manifest.lock */ = {
			isa = PBXShellScriptBuildPhase;
			buildActionMask = 2147483647;
			files = (
			);
			inputPaths = (
			);
			name = "[CP] Check Pods Manifest.lock";
			outputPaths = (
			);
			runOnlyForDeploymentPostprocessing = 0;
			shellPath = /bin/sh;
			shellScript = "diff \"${PODS_ROOT}/../Podfile.lock\" \"${PODS_ROOT}/Manifest.lock\" > /dev/null\nif [ $? != 0 ] ; then\n    # print error to STDERR\n    echo \"error: The sandbox is not in sync with the Podfile.lock. Run 'pod install' or update your CocoaPods installation.\" >&2\n    exit 1\nfi\n";
			showEnvVarsInLog = 0;
		};
		DD8746A3A670B7CF697EE94D /* [CP] Copy Pods Resources */ = {
			isa = PBXShellScriptBuildPhase;
			buildActionMask = 2147483647;
			files = (
			);
			inputPaths = (
			);
			name = "[CP] Copy Pods Resources";
			outputPaths = (
			);
			runOnlyForDeploymentPostprocessing = 0;
			shellPath = /bin/sh;
			shellScript = "\"${SRCROOT}/Pods/Target Support Files/Pods-WashUFleaMarketTests/Pods-WashUFleaMarketTests-resources.sh\"\n";
			showEnvVarsInLog = 0;
		};
		EE8D50D839992E5C9650A899 /* [CP] Embed Pods Frameworks */ = {
			isa = PBXShellScriptBuildPhase;
			buildActionMask = 2147483647;
			files = (
			);
			inputPaths = (
			);
			name = "[CP] Embed Pods Frameworks";
			outputPaths = (
			);
			runOnlyForDeploymentPostprocessing = 0;
			shellPath = /bin/sh;
			shellScript = "\"${SRCROOT}/Pods/Target Support Files/Pods-WashUFleaMarket/Pods-WashUFleaMarket-frameworks.sh\"\n";
			showEnvVarsInLog = 0;
		};
/* End PBXShellScriptBuildPhase section */

/* Begin PBXSourcesBuildPhase section */
		4EDB645E1E6CDD650000D7F3 /* Sources */ = {
			isa = PBXSourcesBuildPhase;
			buildActionMask = 2147483647;
			files = (
				F6E244D11E89924800FB864D /* LoginViewController.swift in Sources */,
				4EDB649C1E6CDF760000D7F3 /* FavoriteController.swift in Sources */,
				4EDB649A1E6CDF180000D7F3 /* Item.swift in Sources */,
				4EDB64681E6CDD650000D7F3 /* ViewController.swift in Sources */,
				4EDB649E1E6CDFFA0000D7F3 /* MyCell.swift in Sources */,
				E8F07B1F1E8B02DB0090C3B6 /* SettingViewController.swift in Sources */,
				4EDB64961E6CDE860000D7F3 /* MarketViewController.swift in Sources */,
				4EDB64A21E6CE07E0000D7F3 /* Detailed.swift in Sources */,
				4EDB64A01E6CE01C0000D7F3 /* SwiftyJSON.swift in Sources */,
				4EDB64661E6CDD650000D7F3 /* AppDelegate.swift in Sources */,
			);
			runOnlyForDeploymentPostprocessing = 0;
		};
		4EDB64721E6CDD650000D7F3 /* Sources */ = {
			isa = PBXSourcesBuildPhase;
			buildActionMask = 2147483647;
			files = (
				4EDB647B1E6CDD650000D7F3 /* WashUFleaMarketTests.swift in Sources */,
			);
			runOnlyForDeploymentPostprocessing = 0;
		};
		4EDB647D1E6CDD650000D7F3 /* Sources */ = {
			isa = PBXSourcesBuildPhase;
			buildActionMask = 2147483647;
			files = (
				4EDB64861E6CDD650000D7F3 /* WashUFleaMarketUITests.swift in Sources */,
			);
			runOnlyForDeploymentPostprocessing = 0;
		};
/* End PBXSourcesBuildPhase section */

/* Begin PBXTargetDependency section */
		4EDB64781E6CDD650000D7F3 /* PBXTargetDependency */ = {
			isa = PBXTargetDependency;
			target = 4EDB64611E6CDD650000D7F3 /* WashUFleaMarket */;
			targetProxy = 4EDB64771E6CDD650000D7F3 /* PBXContainerItemProxy */;
		};
		4EDB64831E6CDD650000D7F3 /* PBXTargetDependency */ = {
			isa = PBXTargetDependency;
			target = 4EDB64611E6CDD650000D7F3 /* WashUFleaMarket */;
			targetProxy = 4EDB64821E6CDD650000D7F3 /* PBXContainerItemProxy */;
		};
/* End PBXTargetDependency section */

/* Begin PBXVariantGroup section */
		4EDB646E1E6CDD650000D7F3 /* LaunchScreen.storyboard */ = {
			isa = PBXVariantGroup;
			children = (
				4EDB646F1E6CDD650000D7F3 /* Base */,
			);
			name = LaunchScreen.storyboard;
			sourceTree = "<group>";
		};
/* End PBXVariantGroup section */

/* Begin XCBuildConfiguration section */
		4EDB64881E6CDD650000D7F3 /* Debug */ = {
			isa = XCBuildConfiguration;
			buildSettings = {
				ALWAYS_SEARCH_USER_PATHS = NO;
				CLANG_ANALYZER_NONNULL = YES;
				CLANG_CXX_LANGUAGE_STANDARD = "gnu++0x";
				CLANG_CXX_LIBRARY = "libc++";
				CLANG_ENABLE_MODULES = YES;
				CLANG_ENABLE_OBJC_ARC = YES;
				CLANG_WARN_BOOL_CONVERSION = YES;
				CLANG_WARN_CONSTANT_CONVERSION = YES;
				CLANG_WARN_DIRECT_OBJC_ISA_USAGE = YES_ERROR;
				CLANG_WARN_DOCUMENTATION_COMMENTS = YES;
				CLANG_WARN_EMPTY_BODY = YES;
				CLANG_WARN_ENUM_CONVERSION = YES;
				CLANG_WARN_INFINITE_RECURSION = YES;
				CLANG_WARN_INT_CONVERSION = YES;
				CLANG_WARN_OBJC_ROOT_CLASS = YES_ERROR;
				CLANG_WARN_SUSPICIOUS_MOVE = YES;
				CLANG_WARN_UNREACHABLE_CODE = YES;
				CLANG_WARN__DUPLICATE_METHOD_MATCH = YES;
				"CODE_SIGN_IDENTITY[sdk=iphoneos*]" = "iPhone Developer";
				COPY_PHASE_STRIP = NO;
				DEBUG_INFORMATION_FORMAT = dwarf;
				ENABLE_STRICT_OBJC_MSGSEND = YES;
				ENABLE_TESTABILITY = YES;
				GCC_C_LANGUAGE_STANDARD = gnu99;
				GCC_DYNAMIC_NO_PIC = NO;
				GCC_NO_COMMON_BLOCKS = YES;
				GCC_OPTIMIZATION_LEVEL = 0;
				GCC_PREPROCESSOR_DEFINITIONS = (
					"DEBUG=1",
					"$(inherited)",
				);
				GCC_WARN_64_TO_32_BIT_CONVERSION = YES;
				GCC_WARN_ABOUT_RETURN_TYPE = YES_ERROR;
				GCC_WARN_UNDECLARED_SELECTOR = YES;
				GCC_WARN_UNINITIALIZED_AUTOS = YES_AGGRESSIVE;
				GCC_WARN_UNUSED_FUNCTION = YES;
				GCC_WARN_UNUSED_VARIABLE = YES;
				IPHONEOS_DEPLOYMENT_TARGET = 10.2;
				MTL_ENABLE_DEBUG_INFO = YES;
				ONLY_ACTIVE_ARCH = YES;
				SDKROOT = iphoneos;
				SWIFT_ACTIVE_COMPILATION_CONDITIONS = DEBUG;
				SWIFT_OPTIMIZATION_LEVEL = "-Onone";
			};
			name = Debug;
		};
		4EDB64891E6CDD650000D7F3 /* Release */ = {
			isa = XCBuildConfiguration;
			buildSettings = {
				ALWAYS_SEARCH_USER_PATHS = NO;
				CLANG_ANALYZER_NONNULL = YES;
				CLANG_CXX_LANGUAGE_STANDARD = "gnu++0x";
				CLANG_CXX_LIBRARY = "libc++";
				CLANG_ENABLE_MODULES = YES;
				CLANG_ENABLE_OBJC_ARC = YES;
				CLANG_WARN_BOOL_CONVERSION = YES;
				CLANG_WARN_CONSTANT_CONVERSION = YES;
				CLANG_WARN_DIRECT_OBJC_ISA_USAGE = YES_ERROR;
				CLANG_WARN_DOCUMENTATION_COMMENTS = YES;
				CLANG_WARN_EMPTY_BODY = YES;
				CLANG_WARN_ENUM_CONVERSION = YES;
				CLANG_WARN_INFINITE_RECURSION = YES;
				CLANG_WARN_INT_CONVERSION = YES;
				CLANG_WARN_OBJC_ROOT_CLASS = YES_ERROR;
				CLANG_WARN_SUSPICIOUS_MOVE = YES;
				CLANG_WARN_UNREACHABLE_CODE = YES;
				CLANG_WARN__DUPLICATE_METHOD_MATCH = YES;
				"CODE_SIGN_IDENTITY[sdk=iphoneos*]" = "iPhone Developer";
				COPY_PHASE_STRIP = NO;
				DEBUG_INFORMATION_FORMAT = "dwarf-with-dsym";
				ENABLE_NS_ASSERTIONS = NO;
				ENABLE_STRICT_OBJC_MSGSEND = YES;
				GCC_C_LANGUAGE_STANDARD = gnu99;
				GCC_NO_COMMON_BLOCKS = YES;
				GCC_WARN_64_TO_32_BIT_CONVERSION = YES;
				GCC_WARN_ABOUT_RETURN_TYPE = YES_ERROR;
				GCC_WARN_UNDECLARED_SELECTOR = YES;
				GCC_WARN_UNINITIALIZED_AUTOS = YES_AGGRESSIVE;
				GCC_WARN_UNUSED_FUNCTION = YES;
				GCC_WARN_UNUSED_VARIABLE = YES;
				IPHONEOS_DEPLOYMENT_TARGET = 10.2;
				MTL_ENABLE_DEBUG_INFO = NO;
				SDKROOT = iphoneos;
				SWIFT_OPTIMIZATION_LEVEL = "-Owholemodule";
				VALIDATE_PRODUCT = YES;
			};
			name = Release;
		};
		4EDB648B1E6CDD650000D7F3 /* Debug */ = {
			isa = XCBuildConfiguration;
			baseConfigurationReference = 79AD79AC221A8D6647ADAC4E /* Pods-WashUFleaMarket.debug.xcconfig */;
			buildSettings = {
				ASSETCATALOG_COMPILER_APPICON_NAME = AppIcon;
				INFOPLIST_FILE = WashUFleaMarket/Info.plist;
				LD_RUNPATH_SEARCH_PATHS = "$(inherited) @executable_path/Frameworks";
				PRODUCT_BUNDLE_IDENTIFIER = youchen.WashUFleaMarket;
				PRODUCT_NAME = "$(TARGET_NAME)";
				SWIFT_VERSION = 3.0;
			};
			name = Debug;
		};
		4EDB648C1E6CDD650000D7F3 /* Release */ = {
			isa = XCBuildConfiguration;
			baseConfigurationReference = 21D9D8BBCAEC521213E15727 /* Pods-WashUFleaMarket.release.xcconfig */;
			buildSettings = {
				ASSETCATALOG_COMPILER_APPICON_NAME = AppIcon;
				INFOPLIST_FILE = WashUFleaMarket/Info.plist;
				LD_RUNPATH_SEARCH_PATHS = "$(inherited) @executable_path/Frameworks";
				PRODUCT_BUNDLE_IDENTIFIER = youchen.WashUFleaMarket;
				PRODUCT_NAME = "$(TARGET_NAME)";
				SWIFT_VERSION = 3.0;
			};
			name = Release;
		};
		4EDB648E1E6CDD650000D7F3 /* Debug */ = {
			isa = XCBuildConfiguration;
			baseConfigurationReference = 0538B883A72EC43E9E21DDE2 /* Pods-WashUFleaMarketTests.debug.xcconfig */;
			buildSettings = {
				ALWAYS_EMBED_SWIFT_STANDARD_LIBRARIES = YES;
				BUNDLE_LOADER = "$(TEST_HOST)";
				INFOPLIST_FILE = WashUFleaMarketTests/Info.plist;
				LD_RUNPATH_SEARCH_PATHS = "$(inherited) @executable_path/Frameworks @loader_path/Frameworks";
				PRODUCT_BUNDLE_IDENTIFIER = youchen.WashUFleaMarketTests;
				PRODUCT_NAME = "$(TARGET_NAME)";
				SWIFT_VERSION = 3.0;
				TEST_HOST = "$(BUILT_PRODUCTS_DIR)/WashUFleaMarket.app/WashUFleaMarket";
			};
			name = Debug;
		};
		4EDB648F1E6CDD650000D7F3 /* Release */ = {
			isa = XCBuildConfiguration;
			baseConfigurationReference = 10BE70CB8D8F4231A31B7315 /* Pods-WashUFleaMarketTests.release.xcconfig */;
			buildSettings = {
				ALWAYS_EMBED_SWIFT_STANDARD_LIBRARIES = YES;
				BUNDLE_LOADER = "$(TEST_HOST)";
				INFOPLIST_FILE = WashUFleaMarketTests/Info.plist;
				LD_RUNPATH_SEARCH_PATHS = "$(inherited) @executable_path/Frameworks @loader_path/Frameworks";
				PRODUCT_BUNDLE_IDENTIFIER = youchen.WashUFleaMarketTests;
				PRODUCT_NAME = "$(TARGET_NAME)";
				SWIFT_VERSION = 3.0;
				TEST_HOST = "$(BUILT_PRODUCTS_DIR)/WashUFleaMarket.app/WashUFleaMarket";
			};
			name = Release;
		};
		4EDB64911E6CDD650000D7F3 /* Debug */ = {
			isa = XCBuildConfiguration;
			baseConfigurationReference = 063AE31635AB2E404C17A7B3 /* Pods-WashUFleaMarketUITests.debug.xcconfig */;
			buildSettings = {
				ALWAYS_EMBED_SWIFT_STANDARD_LIBRARIES = YES;
				INFOPLIST_FILE = WashUFleaMarketUITests/Info.plist;
				LD_RUNPATH_SEARCH_PATHS = "$(inherited) @executable_path/Frameworks @loader_path/Frameworks";
				PRODUCT_BUNDLE_IDENTIFIER = youchen.WashUFleaMarketUITests;
				PRODUCT_NAME = "$(TARGET_NAME)";
				SWIFT_VERSION = 3.0;
				TEST_TARGET_NAME = WashUFleaMarket;
			};
			name = Debug;
		};
		4EDB64921E6CDD650000D7F3 /* Release */ = {
			isa = XCBuildConfiguration;
			baseConfigurationReference = 93A310F7511445BAF2238572 /* Pods-WashUFleaMarketUITests.release.xcconfig */;
			buildSettings = {
				ALWAYS_EMBED_SWIFT_STANDARD_LIBRARIES = YES;
				INFOPLIST_FILE = WashUFleaMarketUITests/Info.plist;
				LD_RUNPATH_SEARCH_PATHS = "$(inherited) @executable_path/Frameworks @loader_path/Frameworks";
				PRODUCT_BUNDLE_IDENTIFIER = youchen.WashUFleaMarketUITests;
				PRODUCT_NAME = "$(TARGET_NAME)";
				SWIFT_VERSION = 3.0;
				TEST_TARGET_NAME = WashUFleaMarket;
			};
			name = Release;
		};
/* End XCBuildConfiguration section */

/* Begin XCConfigurationList section */
		4EDB645D1E6CDD650000D7F3 /* Build configuration list for PBXProject "WashUFleaMarket" */ = {
			isa = XCConfigurationList;
			buildConfigurations = (
				4EDB64881E6CDD650000D7F3 /* Debug */,
				4EDB64891E6CDD650000D7F3 /* Release */,
			);
			defaultConfigurationIsVisible = 0;
			defaultConfigurationName = Release;
		};
		4EDB648A1E6CDD650000D7F3 /* Build configuration list for PBXNativeTarget "WashUFleaMarket" */ = {
			isa = XCConfigurationList;
			buildConfigurations = (
				4EDB648B1E6CDD650000D7F3 /* Debug */,
				4EDB648C1E6CDD650000D7F3 /* Release */,
			);
			defaultConfigurationIsVisible = 0;
			defaultConfigurationName = Release;
		};
		4EDB648D1E6CDD650000D7F3 /* Build configuration list for PBXNativeTarget "WashUFleaMarketTests" */ = {
			isa = XCConfigurationList;
			buildConfigurations = (
				4EDB648E1E6CDD650000D7F3 /* Debug */,
				4EDB648F1E6CDD650000D7F3 /* Release */,
			);
			defaultConfigurationIsVisible = 0;
			defaultConfigurationName = Release;
		};
		4EDB64901E6CDD650000D7F3 /* Build configuration list for PBXNativeTarget "WashUFleaMarketUITests" */ = {
			isa = XCConfigurationList;
			buildConfigurations = (
				4EDB64911E6CDD650000D7F3 /* Debug */,
				4EDB64921E6CDD650000D7F3 /* Release */,
			);
			defaultConfigurationIsVisible = 0;
			defaultConfigurationName = Release;
		};
/* End XCConfigurationList section */
	};
	rootObject = 4EDB645A1E6CDD650000D7F3 /* Project object */;
}
